
Microsoft Visual Studio Solution File, Format Version 12.00
# Visual Studio Version 17
VisualStudioVersion = 17.0.32014.148
MinimumVisualStudioVersion = 10.0.40219.1
Project("{FAE04EC0-301F-11D3-BF4B-00C04F79EFBC}") = "SeleniumSpecFlowStarter", "SeleniumSpecFlowStarter.csproj", "{83C5E816-D88F-419C-92D8-B61C6F34F0A6}"
EndProject
Global
	GlobalSection(SolutionConfigurationPlatforms) = preSolution
		Debug|Any CPU = Debug|Any CPU
		Release|Any CPU = Release|Any CPU
	EndGlobalSection
	GlobalSection(ProjectConfigurationPlatforms) = postSolution
		{83C5E816-D88F-419C-92D8-B61C6F34F0A6}.Debug|Any CPU.ActiveCfg = Debug|Any CPU
		{83C5E816-D88F-419C-92D8-B61C6F34F0A6}.Debug|Any CPU.Build.0 = Debug|Any CPU
		{83C5E816-D88F-419C-92D8-B61C6F34F0A6}.Release|Any CPU.ActiveCfg = Release|Any CPU
		{83C5E816-D88F-419C-92D8-B61C6F34F0A6}.Release|Any CPU.Build.0 = Release|Any CPU
	EndGlobalSection
	GlobalSection(SolutionProperties) = preSolution
		HideSolutionNode = FALSE
	EndGlobalSection
	GlobalSection(ExtensibilityGlobals) = postSolution
		SolutionGuid = {FA70D63D-0C77-4B2F-BF8F-26FB86CEA40F}
	EndGlobalSection
EndGlobal
